
Microsoft Visual Studio Solution File, Format Version 12.00
# Visual Studio Version 16
VisualStudioVersion = 16.0.30011.22
MinimumVisualStudioVersion = 10.0.40219.1
Project("{8BC9CEB8-8B4A-11D0-8D11-00A0C91BC942}") = "EXPractice3-2", "EXPractice3-2\EXPractice3-2.vcxproj", "{7F2A3154-7482-46F7-A3DB-FFC9AEF61136}"
EndProject
Global
	GlobalSection(SolutionConfigurationPlatforms) = preSolution
		Debug|x64 = Debug|x64
		Debug|x86 = Debug|x86
		Release|x64 = Release|x64
		Release|x86 = Release|x86
	EndGlobalSection
	GlobalSection(ProjectConfigurationPlatforms) = postSolution
		{7F2A3154-7482-46F7-A3DB-FFC9AEF61136}.Debug|x64.ActiveCfg = Debug|x64
		{7F2A3154-7482-46F7-A3DB-FFC9AEF61136}.Debug|x64.Build.0 = Debug|x64
		{7F2A3154-7482-46F7-A3DB-FFC9AEF61136}.Debug|x86.ActiveCfg = Debug|Win32
		{7F2A3154-7482-46F7-A3DB-FFC9AEF61136}.Debug|x86.Build.0 = Debug|Win32
		{7F2A3154-7482-46F7-A3DB-FFC9AEF61136}.Release|x64.ActiveCfg = Release|x64
		{7F2A3154-7482-46F7-A3DB-FFC9AEF61136}.Release|x64.Build.0 = Release|x64
		{7F2A3154-7482-46F7-A3DB-FFC9AEF61136}.Release|x86.ActiveCfg = Release|Win32
		{7F2A3154-7482-46F7-A3DB-FFC9AEF61136}.Release|x86.Build.0 = Release|Win32
	EndGlobalSection
	GlobalSection(SolutionProperties) = preSolution
		HideSolutionNode = FALSE
	EndGlobalSection
	GlobalSection(ExtensibilityGlobals) = postSolution
		SolutionGuid = {083C8EB9-079F-448C-B8B3-417D022D87E1}
	EndGlobalSection
EndGlobal
